
Microsoft Visual Studio Solution File, Format Version 12.00
# Visual Studio 2010
Project("{FAE04EC0-301F-11D3-BF4B-00C04F79EFBC}") = "MCForge-GUI", "MCForge-GUI\MCForge-GUI.csproj", "{F88BC1E1-8D63-4EC8-80AF-FA5B73ABAED1}"
EndProject
Global
	GlobalSection(SolutionConfigurationPlatforms) = preSolution
		Debug|x86 = Debug|x86
		Release|x86 = Release|x86
	EndGlobalSection
	GlobalSection(ProjectConfigurationPlatforms) = postSolution
		{F88BC1E1-8D63-4EC8-80AF-FA5B73ABAED1}.Debug|x86.ActiveCfg = Release|x86
		{F88BC1E1-8D63-4EC8-80AF-FA5B73ABAED1}.Debug|x86.Build.0 = Release|x86
		{F88BC1E1-8D63-4EC8-80AF-FA5B73ABAED1}.Release|x86.ActiveCfg = Release|x86
		{F88BC1E1-8D63-4EC8-80AF-FA5B73ABAED1}.Release|x86.Build.0 = Release|x86
	EndGlobalSection
	GlobalSection(SolutionProperties) = preSolution
		HideSolutionNode = FALSE
	EndGlobalSection
EndGlobal
